Microsoft Visual Studio Solution File, Format Version 12.00
# Visual Studio Version 17
VisualStudioVersion = 17.12.35728.132
MinimumVisualStudioVersion = 10.0.40219.1
Project("{FAE04EC0-301F-11D3-BF4B-00C04F79EFBC}") = "BankingApp.Api", "BankingApp.WebApi\BankingApp.Api.csproj", "{C9566B6B-8363-4873-AAE0-C1686CDCE5CA}"
EndProject
Project("{FAE04EC0-301F-11D3-BF4B-00C04F79EFBC}") = "BankingApp.Application", "BankingApp.Application\BankingApp.Application.csproj", "{56E5FC2D-92FC-45C4-BE98-4426D7F4014F}"
EndProject
Project("{FAE04EC0-301F-11D3-BF4B-00C04F79EFBC}") = "BankingApp.Core", "BankingApp.Core\BankingApp.Core.csproj", "{3D361C0D-33A0-4703-AB8D-7983FAC68E1D}"
EndProject
Project("{FAE04EC0-301F-11D3-BF4B-00C04F79EFBC}") = "BankingApp.Infrastructure", "BankingApp.Infrastructure\BankingApp.Infrastructure.csproj", "{9D148814-13F1-4597-85F4-0A44A14B66D6}"
EndProject
Project("{FAE04EC0-301F-11D3-BF4B-00C04F79EFBC}") = "BankingApp.DataBase", "BankingApp.DataBase\BankingApp.DataBase.csproj", "{C38247E4-D02A-4EC3-8019-8F340EC66F6E}"
EndProject
Project("{2150E333-8FDC-42A3-9474-1A3956D46DE8}") = "Solution Items", "Solution Items", "{8EC462FD-D22E-90A8-E5CE-7E832BA40C5D}"
	ProjectSection(SolutionItems) = preProject
		APIDesign.cd = APIDesign.cd
		generate_coverage.bat = generate_coverage.bat
	EndProjectSection
EndProject
Project("{2150E333-8FDC-42A3-9474-1A3956D46DE8}") = "ExcelUpload", "ExcelUpload", "{02EA681E-C7D8-13C7-8484-4AC65E1B71E8}"
EndProject
Project("{FAE04EC0-301F-11D3-BF4B-00C04F79EFBC}") = "BankingExcelUpload.POC", "ExcelUpload\BankingExcelUpload.POC\BankingExcelUpload.POC.csproj", "{5894D9F9-892A-497A-AB34-04A468DD90C5}"
EndProject
Project("{FAE04EC0-301F-11D3-BF4B-00C04F79EFBC}") = "ExcelBenchmark.PlayGround", "ExcelUpload\ExcelBenchmark.PlayGround\ExcelBenchmark.PlayGround.csproj", "{57C14941-8720-4C03-8C0F-C5EA1E546908}"
EndProject
Project("{2150E333-8FDC-42A3-9474-1A3956D46DE8}") = "UnitTests", "UnitTests", "{41CBD892-C0CE-4BFD-ADEA-0850ECC4A56E}"
EndProject
Project("{FAE04EC0-301F-11D3-BF4B-00C04F79EFBC}") = "BankingApp.Application.Tests", "UnitTests\BankingApp.Application.Tests\BankingApp.Application.Tests.csproj", "{133073E6-AC74-4E05-8CBD-E8488A9CC759}"
EndProject
Project("{FAE04EC0-301F-11D3-BF4B-00C04F79EFBC}") = "BankingApp.Infrastructure.Tests", "UnitTests\BankingApp.Tests\BankingApp.Infrastructure.Tests.csproj", "{BD151587-FF5C-330E-D791-EE05D8850B2C}"
EndProject
Project("{FAE04EC0-301F-11D3-BF4B-00C04F79EFBC}") = "BankingApp.Api.Tests", "UnitTests\BankingApp.Api.Tests\BankingApp.Api.Tests.csproj", "{E17FE24F-3B1E-629F-9FE5-85861C4E150E}"
EndProject
Project("{2150E333-8FDC-42A3-9474-1A3956D46DE8}") = "Build", "Build", "{2FA6DE8E-5FC3-492A-9530-4BBED0946B19}"
	ProjectSection(SolutionItems) = preProject
		Build-Pipeline.ps1 = Build-Pipeline.ps1
		run-build-tests.ps1 = run-build-tests.ps1
		Updated-build-scrpit.ps1 = Updated-build-scrpit.ps1
	EndProjectSection
EndProject
Project("{FAE04EC0-301F-11D3-BF4B-00C04F79EFBC}") = "BankingApp.Performace.Tests", "UnitTests\BankingApp.Performace.Tests\BankingApp.Performace.Tests.csproj", "{A29017DD-070C-4E46-8C4B-21E4023E35C5}"
EndProject
Project("{FAE04EC0-301F-11D3-BF4B-00C04F79EFBC}") = "Web.Api", "Web.Api\Web.Api.csproj", "{554A4EF5-7F5A-437D-87A9-5ACFD7C654FD}"
EndProject
Global
	GlobalSection(SolutionConfigurationPlatforms) = preSolution
		Debug|Any CPU = Debug|Any CPU
		Release|Any CPU = Release|Any CPU
	EndGlobalSection
	GlobalSection(ProjectConfigurationPlatforms) = postSolution
		{C9566B6B-8363-4873-AAE0-C1686CDCE5CA}.Debug|Any CPU.ActiveCfg = Debug|Any CPU
		{C9566B6B-8363-4873-AAE0-C1686CDCE5CA}.Debug|Any CPU.Build.0 = Debug|Any CPU
		{C9566B6B-8363-4873-AAE0-C1686CDCE5CA}.Release|Any CPU.ActiveCfg = Release|Any CPU
		{C9566B6B-8363-4873-AAE0-C1686CDCE5CA}.Release|Any CPU.Build.0 = Release|Any CPU
		{56E5FC2D-92FC-45C4-BE98-4426D7F4014F}.Debug|Any CPU.ActiveCfg = Debug|Any CPU
		{56E5FC2D-92FC-45C4-BE98-4426D7F4014F}.Debug|Any CPU.Build.0 = Debug|Any CPU
		{56E5FC2D-92FC-45C4-BE98-4426D7F4014F}.Release|Any CPU.ActiveCfg = Release|Any CPU
		{56E5FC2D-92FC-45C4-BE98-4426D7F4014F}.Release|Any CPU.Build.0 = Release|Any CPU
		{3D361C0D-33A0-4703-AB8D-7983FAC68E1D}.Debug|Any CPU.ActiveCfg = Debug|Any CPU
		{3D361C0D-33A0-4703-AB8D-7983FAC68E1D}.Debug|Any CPU.Build.0 = Debug|Any CPU
		{3D361C0D-33A0-4703-AB8D-7983FAC68E1D}.Release|Any CPU.ActiveCfg = Release|Any CPU
		{3D361C0D-33A0-4703-AB8D-7983FAC68E1D}.Release|Any CPU.Build.0 = Release|Any CPU
		{9D148814-13F1-4597-85F4-0A44A14B66D6}.Debug|Any CPU.ActiveCfg = Debug|Any CPU
		{9D148814-13F1-4597-85F4-0A44A14B66D6}.Debug|Any CPU.Build.0 = Debug|Any CPU
		{9D148814-13F1-4597-85F4-0A44A14B66D6}.Release|Any CPU.ActiveCfg = Release|Any CPU
		{9D148814-13F1-4597-85F4-0A44A14B66D6}.Release|Any CPU.Build.0 = Release|Any CPU
		{C38247E4-D02A-4EC3-8019-8F340EC66F6E}.Debug|Any CPU.ActiveCfg = Debug|Any CPU
		{C38247E4-D02A-4EC3-8019-8F340EC66F6E}.Debug|Any CPU.Build.0 = Debug|Any CPU
		{C38247E4-D02A-4EC3-8019-8F340EC66F6E}.Release|Any CPU.ActiveCfg = Release|Any CPU
		{C38247E4-D02A-4EC3-8019-8F340EC66F6E}.Release|Any CPU.Build.0 = Release|Any CPU
		{5894D9F9-892A-497A-AB34-04A468DD90C5}.Debug|Any CPU.ActiveCfg = Debug|Any CPU
		{5894D9F9-892A-497A-AB34-04A468DD90C5}.Debug|Any CPU.Build.0 = Debug|Any CPU
		{5894D9F9-892A-497A-AB34-04A468DD90C5}.Release|Any CPU.ActiveCfg = Release|Any CPU
		{5894D9F9-892A-497A-AB34-04A468DD90C5}.Release|Any CPU.Build.0 = Release|Any CPU
		{57C14941-8720-4C03-8C0F-C5EA1E546908}.Debug|Any CPU.ActiveCfg = Debug|Any CPU
		{57C14941-8720-4C03-8C0F-C5EA1E546908}.Debug|Any CPU.Build.0 = Debug|Any CPU
		{57C14941-8720-4C03-8C0F-C5EA1E546908}.Release|Any CPU.ActiveCfg = Release|Any CPU
		{57C14941-8720-4C03-8C0F-C5EA1E546908}.Release|Any CPU.Build.0 = Release|Any CPU
		{133073E6-AC74-4E05-8CBD-E8488A9CC759}.Debug|Any CPU.ActiveCfg = Debug|Any CPU
		{133073E6-AC74-4E05-8CBD-E8488A9CC759}.Debug|Any CPU.Build.0 = Debug|Any CPU
		{133073E6-AC74-4E05-8CBD-E8488A9CC759}.Release|Any CPU.ActiveCfg = Release|Any CPU
		{133073E6-AC74-4E05-8CBD-E8488A9CC759}.Release|Any CPU.Build.0 = Release|Any CPU
		{BD151587-FF5C-330E-D791-EE05D8850B2C}.Debug|Any CPU.ActiveCfg = Debug|Any CPU
		{BD151587-FF5C-330E-D791-EE05D8850B2C}.Debug|Any CPU.Build.0 = Debug|Any CPU
		{BD151587-FF5C-330E-D791-EE05D8850B2C}.Release|Any CPU.ActiveCfg = Release|Any CPU
		{BD151587-FF5C-330E-D791-EE05D8850B2C}.Release|Any CPU.Build.0 = Release|Any CPU
		{E17FE24F-3B1E-629F-9FE5-85861C4E150E}.Debug|Any CPU.ActiveCfg = Debug|Any CPU
		{E17FE24F-3B1E-629F-9FE5-85861C4E150E}.Debug|Any CPU.Build.0 = Debug|Any CPU
		{E17FE24F-3B1E-629F-9FE5-85861C4E150E}.Release|Any CPU.ActiveCfg = Release|Any CPU
		{E17FE24F-3B1E-629F-9FE5-85861C4E150E}.Release|Any CPU.Build.0 = Release|Any CPU
		{A29017DD-070C-4E46-8C4B-21E4023E35C5}.Debug|Any CPU.ActiveCfg = Debug|Any CPU
		{A29017DD-070C-4E46-8C4B-21E4023E35C5}.Debug|Any CPU.Build.0 = Debug|Any CPU
		{A29017DD-070C-4E46-8C4B-21E4023E35C5}.Release|Any CPU.ActiveCfg = Release|Any CPU
		{A29017DD-070C-4E46-8C4B-21E4023E35C5}.Release|Any CPU.Build.0 = Release|Any CPU
		{554A4EF5-7F5A-437D-87A9-5ACFD7C654FD}.Debug|Any CPU.ActiveCfg = Debug|Any CPU
		{554A4EF5-7F5A-437D-87A9-5ACFD7C654FD}.Debug|Any CPU.Build.0 = Debug|Any CPU
		{554A4EF5-7F5A-437D-87A9-5ACFD7C654FD}.Release|Any CPU.ActiveCfg = Release|Any CPU
		{554A4EF5-7F5A-437D-87A9-5ACFD7C654FD}.Release|Any CPU.Build.0 = Release|Any CPU
	EndGlobalSection
	GlobalSection(SolutionProperties) = preSolution
		HideSolutionNode = FALSE
	EndGlobalSection
	GlobalSection(NestedProjects) = preSolution
		{5894D9F9-892A-497A-AB34-04A468DD90C5} = {02EA681E-C7D8-13C7-8484-4AC65E1B71E8}
		{57C14941-8720-4C03-8C0F-C5EA1E546908} = {02EA681E-C7D8-13C7-8484-4AC65E1B71E8}
		{133073E6-AC74-4E05-8CBD-E8488A9CC759} = {41CBD892-C0CE-4BFD-ADEA-0850ECC4A56E}
		{BD151587-FF5C-330E-D791-EE05D8850B2C} = {41CBD892-C0CE-4BFD-ADEA-0850ECC4A56E}
		{E17FE24F-3B1E-629F-9FE5-85861C4E150E} = {41CBD892-C0CE-4BFD-ADEA-0850ECC4A56E}
		{A29017DD-070C-4E46-8C4B-21E4023E35C5} = {41CBD892-C0CE-4BFD-ADEA-0850ECC4A56E}
	EndGlobalSection
	GlobalSection(ExtensibilityGlobals) = postSolution
		SolutionGuid = {908C0AE9-61D0-4C2C-B4D4-B6EBEED8E4E1}
	EndGlobalSection
EndGlobal
